
Microsoft Visual Studio Solution File, Format Version 12.00
# Visual Studio Version 16
VisualStudioVersion = 16.0.30225.117
MinimumVisualStudioVersion = 10.0.40219.1
Project("{9A19103F-16F7-4668-BE54-9A1E7A4F7556}") = "LinkChecker", "LinkChecker\LinkChecker.csproj", "{20861112-137F-4B20-881D-A50240F82B0E}"
EndProject
Project("{FAE04EC0-301F-11D3-BF4B-00C04F79EFBC}") = "SpiderEngine", "SpiderEngine\SpiderEngine.csproj", "{493D326C-AE14-457C-AD97-A189DFBD4C9A}"
EndProject
Project("{FAE04EC0-301F-11D3-BF4B-00C04F79EFBC}") = "SpiderInterface", "SpiderInterface\SpiderInterface.csproj", "{2889E0FD-E078-40BE-ADD7-8EAB9DE342B4}"
EndProject
Global
	GlobalSection(SolutionConfigurationPlatforms) = preSolution
		Debug|Any CPU = Debug|Any CPU
		Release|Any CPU = Release|Any CPU
	EndGlobalSection
	GlobalSection(ProjectConfigurationPlatforms) = postSolution
		{20861112-137F-4B20-881D-A50240F82B0E}.Debug|Any CPU.ActiveCfg = Debug|Any CPU
		{20861112-137F-4B20-881D-A50240F82B0E}.Debug|Any CPU.Build.0 = Debug|Any CPU
		{20861112-137F-4B20-881D-A50240F82B0E}.Release|Any CPU.ActiveCfg = Release|Any CPU
		{20861112-137F-4B20-881D-A50240F82B0E}.Release|Any CPU.Build.0 = Release|Any CPU
		{493D326C-AE14-457C-AD97-A189DFBD4C9A}.Debug|Any CPU.ActiveCfg = Debug|Any CPU
		{493D326C-AE14-457C-AD97-A189DFBD4C9A}.Debug|Any CPU.Build.0 = Debug|Any CPU
		{493D326C-AE14-457C-AD97-A189DFBD4C9A}.Release|Any CPU.ActiveCfg = Release|Any CPU
		{493D326C-AE14-457C-AD97-A189DFBD4C9A}.Release|Any CPU.Build.0 = Release|Any CPU
		{2889E0FD-E078-40BE-ADD7-8EAB9DE342B4}.Debug|Any CPU.ActiveCfg = Debug|Any CPU
		{2889E0FD-E078-40BE-ADD7-8EAB9DE342B4}.Debug|Any CPU.Build.0 = Debug|Any CPU
		{2889E0FD-E078-40BE-ADD7-8EAB9DE342B4}.Release|Any CPU.ActiveCfg = Release|Any CPU
		{2889E0FD-E078-40BE-ADD7-8EAB9DE342B4}.Release|Any CPU.Build.0 = Release|Any CPU
	EndGlobalSection
	GlobalSection(SolutionProperties) = preSolution
		HideSolutionNode = FALSE
	EndGlobalSection
	GlobalSection(ExtensibilityGlobals) = postSolution
		SolutionGuid = {3B35F7FE-36FC-4207-AA68-9061FDB1653F}
	EndGlobalSection
EndGlobal
