
Microsoft Visual Studio Solution File, Format Version 12.00
# Visual Studio 15
VisualStudioVersion = 15.0.26730.16
MinimumVisualStudioVersion = 10.0.40219.1
Project("{FAE04EC0-301F-11D3-BF4B-00C04F79EFBC}") = "LinkChecker", "LinkChecker\LinkChecker.csproj", "{00F83577-6FC7-4F22-968E-06A4635CF3C9}"
EndProject
Project("{FAE04EC0-301F-11D3-BF4B-00C04F79EFBC}") = "SpiderEngine", "SpiderEngine\SpiderEngine.csproj", "{650B5648-BAC2-462A-A0BC-1BAECC2404CF}"
EndProject
Project("{FAE04EC0-301F-11D3-BF4B-00C04F79EFBC}") = "SpiderInterface", "SpiderInterface\SpiderInterface.csproj", "{0F932DA2-61CF-4541-8D3B-497794649010}"
EndProject
Project("{2150E333-8FDC-42A3-9474-1A3956D46DE8}") = "Solution Items", "Solution Items", "{8E98A56D-1E4C-43FC-9BF8-8A93AEDB5401}"
	ProjectSection(SolutionItems) = preProject
		readme.md = readme.md
	EndProjectSection
EndProject
Global
	GlobalSection(SolutionConfigurationPlatforms) = preSolution
		Debug|Any CPU = Debug|Any CPU
		Release|Any CPU = Release|Any CPU
	EndGlobalSection
	GlobalSection(ProjectConfigurationPlatforms) = postSolution
		{00F83577-6FC7-4F22-968E-06A4635CF3C9}.Debug|Any CPU.ActiveCfg = Debug|Any CPU
		{00F83577-6FC7-4F22-968E-06A4635CF3C9}.Debug|Any CPU.Build.0 = Debug|Any CPU
		{00F83577-6FC7-4F22-968E-06A4635CF3C9}.Release|Any CPU.ActiveCfg = Release|Any CPU
		{00F83577-6FC7-4F22-968E-06A4635CF3C9}.Release|Any CPU.Build.0 = Release|Any CPU
		{650B5648-BAC2-462A-A0BC-1BAECC2404CF}.Debug|Any CPU.ActiveCfg = Debug|Any CPU
		{650B5648-BAC2-462A-A0BC-1BAECC2404CF}.Debug|Any CPU.Build.0 = Debug|Any CPU
		{650B5648-BAC2-462A-A0BC-1BAECC2404CF}.Release|Any CPU.ActiveCfg = Release|Any CPU
		{650B5648-BAC2-462A-A0BC-1BAECC2404CF}.Release|Any CPU.Build.0 = Release|Any CPU
		{0F932DA2-61CF-4541-8D3B-497794649010}.Debug|Any CPU.ActiveCfg = Debug|Any CPU
		{0F932DA2-61CF-4541-8D3B-497794649010}.Debug|Any CPU.Build.0 = Debug|Any CPU
		{0F932DA2-61CF-4541-8D3B-497794649010}.Release|Any CPU.ActiveCfg = Release|Any CPU
		{0F932DA2-61CF-4541-8D3B-497794649010}.Release|Any CPU.Build.0 = Release|Any CPU
	EndGlobalSection
	GlobalSection(SolutionProperties) = preSolution
		HideSolutionNode = FALSE
	EndGlobalSection
	GlobalSection(ExtensibilityGlobals) = postSolution
		SolutionGuid = {3B35F7FE-36FC-4207-AA68-9061FDB1653F}
	EndGlobalSection
EndGlobal
